
Microsoft Visual Studio Solution File, Format Version 12.00
# Visual Studio Version 16
VisualStudioVersion = 16.0.31019.35
MinimumVisualStudioVersion = 10.0.40219.1
Project("{9A19103F-16F7-4668-BE54-9A1E7A4F7556}") = "WebApi", "WebApi\WebApi.csproj", "{723A458F-640B-4D38-BBDD-814321064A80}"
EndProject
Project("{2150E333-8FDC-42A3-9474-1A3956D46DE8}") = ".git", ".git", "{E22D5129-FFC0-4499-AD4C-A0DDFB72C9F7}"
	ProjectSection(SolutionItems) = preProject
		.gitattributes = .gitattributes
		.gitignore = .gitignore
	EndProjectSection
EndProject
Project("{9A19103F-16F7-4668-BE54-9A1E7A4F7556}") = "Services", "Services\Services.csproj", "{D445FAE2-B75E-4861-9186-64CA83BCCD99}"
EndProject
Project("{9A19103F-16F7-4668-BE54-9A1E7A4F7556}") = "Data.Domain", "Data.Domain\Data.Domain.csproj", "{C29BF64E-3E12-46BC-BD09-C1501257F5CC}"
EndProject
Project("{9A19103F-16F7-4668-BE54-9A1E7A4F7556}") = "Tests.IntegrationTests", "Tests.IntegrationTests\Tests.IntegrationTests.csproj", "{DA6B394A-539C-4709-8BD9-863504FFCE45}"
EndProject
Project("{9A19103F-16F7-4668-BE54-9A1E7A4F7556}") = "Data.Migrations.Postgres", "Data.Migrations.Postgres\Data.Migrations.Postgres.csproj", "{3E4DAD73-B5AC-4E1A-B8BB-A27E4DEC976E}"
EndProject
Project("{9A19103F-16F7-4668-BE54-9A1E7A4F7556}") = "Tests.UnitTests", "Tests.UnitTests\Tests.UnitTests.csproj", "{19913BCE-C3B0-403A-9F03-48A2F1536B05}"
EndProject
Project("{9A19103F-16F7-4668-BE54-9A1E7A4F7556}") = "Data.Repository", "Data.Repository\Data.Repository.csproj", "{9B7EBECA-38B1-4EE9-A1CA-78E4422173D7}"
EndProject
Project("{9A19103F-16F7-4668-BE54-9A1E7A4F7556}") = "Utilities", "Utilities\Utilities.csproj", "{AF4A8C13-BEED-4C5F-9095-B2DB93646830}"
EndProject
Project("{2150E333-8FDC-42A3-9474-1A3956D46DE8}") = "description", "description", "{06096D44-CD34-43F9-9B19-86E88933B643}"
	ProjectSection(SolutionItems) = preProject
		readme.md = readme.md
	EndProjectSection
EndProject
Global
	GlobalSection(SolutionConfigurationPlatforms) = preSolution
		Debug|Any CPU = Debug|Any CPU
		Release|Any CPU = Release|Any CPU
	EndGlobalSection
	GlobalSection(ProjectConfigurationPlatforms) = postSolution
		{723A458F-640B-4D38-BBDD-814321064A80}.Debug|Any CPU.ActiveCfg = Debug|Any CPU
		{723A458F-640B-4D38-BBDD-814321064A80}.Debug|Any CPU.Build.0 = Debug|Any CPU
		{723A458F-640B-4D38-BBDD-814321064A80}.Release|Any CPU.ActiveCfg = Release|Any CPU
		{723A458F-640B-4D38-BBDD-814321064A80}.Release|Any CPU.Build.0 = Release|Any CPU
		{D445FAE2-B75E-4861-9186-64CA83BCCD99}.Debug|Any CPU.ActiveCfg = Debug|Any CPU
		{D445FAE2-B75E-4861-9186-64CA83BCCD99}.Debug|Any CPU.Build.0 = Debug|Any CPU
		{D445FAE2-B75E-4861-9186-64CA83BCCD99}.Release|Any CPU.ActiveCfg = Release|Any CPU
		{D445FAE2-B75E-4861-9186-64CA83BCCD99}.Release|Any CPU.Build.0 = Release|Any CPU
		{C29BF64E-3E12-46BC-BD09-C1501257F5CC}.Debug|Any CPU.ActiveCfg = Debug|Any CPU
		{C29BF64E-3E12-46BC-BD09-C1501257F5CC}.Debug|Any CPU.Build.0 = Debug|Any CPU
		{C29BF64E-3E12-46BC-BD09-C1501257F5CC}.Release|Any CPU.ActiveCfg = Release|Any CPU
		{C29BF64E-3E12-46BC-BD09-C1501257F5CC}.Release|Any CPU.Build.0 = Release|Any CPU
		{DA6B394A-539C-4709-8BD9-863504FFCE45}.Debug|Any CPU.ActiveCfg = Debug|Any CPU
		{DA6B394A-539C-4709-8BD9-863504FFCE45}.Debug|Any CPU.Build.0 = Debug|Any CPU
		{DA6B394A-539C-4709-8BD9-863504FFCE45}.Release|Any CPU.ActiveCfg = Release|Any CPU
		{DA6B394A-539C-4709-8BD9-863504FFCE45}.Release|Any CPU.Build.0 = Release|Any CPU
		{3E4DAD73-B5AC-4E1A-B8BB-A27E4DEC976E}.Debug|Any CPU.ActiveCfg = Debug|Any CPU
		{3E4DAD73-B5AC-4E1A-B8BB-A27E4DEC976E}.Debug|Any CPU.Build.0 = Debug|Any CPU
		{3E4DAD73-B5AC-4E1A-B8BB-A27E4DEC976E}.Release|Any CPU.ActiveCfg = Release|Any CPU
		{3E4DAD73-B5AC-4E1A-B8BB-A27E4DEC976E}.Release|Any CPU.Build.0 = Release|Any CPU
		{19913BCE-C3B0-403A-9F03-48A2F1536B05}.Debug|Any CPU.ActiveCfg = Debug|Any CPU
		{19913BCE-C3B0-403A-9F03-48A2F1536B05}.Debug|Any CPU.Build.0 = Debug|Any CPU
		{19913BCE-C3B0-403A-9F03-48A2F1536B05}.Release|Any CPU.ActiveCfg = Release|Any CPU
		{19913BCE-C3B0-403A-9F03-48A2F1536B05}.Release|Any CPU.Build.0 = Release|Any CPU
		{9B7EBECA-38B1-4EE9-A1CA-78E4422173D7}.Debug|Any CPU.ActiveCfg = Debug|Any CPU
		{9B7EBECA-38B1-4EE9-A1CA-78E4422173D7}.Debug|Any CPU.Build.0 = Debug|Any CPU
		{9B7EBECA-38B1-4EE9-A1CA-78E4422173D7}.Release|Any CPU.ActiveCfg = Release|Any CPU
		{9B7EBECA-38B1-4EE9-A1CA-78E4422173D7}.Release|Any CPU.Build.0 = Release|Any CPU
		{AF4A8C13-BEED-4C5F-9095-B2DB93646830}.Debug|Any CPU.ActiveCfg = Debug|Any CPU
		{AF4A8C13-BEED-4C5F-9095-B2DB93646830}.Debug|Any CPU.Build.0 = Debug|Any CPU
		{AF4A8C13-BEED-4C5F-9095-B2DB93646830}.Release|Any CPU.ActiveCfg = Release|Any CPU
		{AF4A8C13-BEED-4C5F-9095-B2DB93646830}.Release|Any CPU.Build.0 = Release|Any CPU
	EndGlobalSection
	GlobalSection(SolutionProperties) = preSolution
		HideSolutionNode = FALSE
	EndGlobalSection
	GlobalSection(ExtensibilityGlobals) = postSolution
		SolutionGuid = {3EDE359C-F74D-4D20-9FD4-A6165130DF04}
	EndGlobalSection
EndGlobal
